// !$*UTF8*$!
{
	archiveVersion = 1;
	classes = {
	};
	objectVersion = 46;
	objects = {

/* Begin PBXBuildFile section */
		4D14DB3F18E75920006A6611 /* Foundation.framework in Frameworks */ = {isa = PBXBuildFile; fileRef = 4D14DB3E18E75920006A6611 /* Foundation.framework */; };
		4D14DB4118E75920006A6611 /* CoreGraphics.framework in Frameworks */ = {isa = PBXBuildFile; fileRef = 4D14DB4018E75920006A6611 /* CoreGraphics.framework */; };
		4D14DB4318E75920006A6611 /* UIKit.framework in Frameworks */ = {isa = PBXBuildFile; fileRef = 4D14DB4218E75920006A6611 /* UIKit.framework */; };
		4D14DB4518E75920006A6611 /* CoreData.framework in Frameworks */ = {isa = PBXBuildFile; fileRef = 4D14DB4418E75920006A6611 /* CoreData.framework */; };
		4D14DB4B18E75920006A6611 /* InfoPlist.strings in Resources */ = {isa = PBXBuildFile; fileRef = 4D14DB4918E75920006A6611 /* InfoPlist.strings */; };
		4D14DB4D18E75920006A6611 /* main.m in Sources */ = {isa = PBXBuildFile; fileRef = 4D14DB4C18E75920006A6611 /* main.m */; };
		4D14DB5118E75920006A6611 /* KMAppDelegate.m in Sources */ = {isa = PBXBuildFile; fileRef = 4D14DB5018E75920006A6611 /* KMAppDelegate.m */; };
		4D14DB5418E75920006A6611 /* BlackjAck.xcdatamodeld in Sources */ = {isa = PBXBuildFile; fileRef = 4D14DB5218E75920006A6611 /* BlackjAck.xcdatamodeld */; };
		4D14DB5618E75920006A6611 /* Images.xcassets in Resources */ = {isa = PBXBuildFile; fileRef = 4D14DB5518E75920006A6611 /* Images.xcassets */; };
		4D14DB5D18E75920006A6611 /* XCTest.framework in Frameworks */ = {isa = PBXBuildFile; fileRef = 4D14DB5C18E75920006A6611 /* XCTest.framework */; };
		4D14DB5E18E75920006A6611 /* Foundation.framework in Frameworks */ = {isa = PBXBuildFile; fileRef = 4D14DB3E18E75920006A6611 /* Foundation.framework */; };
		4D14DB5F18E75920006A6611 /* UIKit.framework in Frameworks */ = {isa = PBXBuildFile; fileRef = 4D14DB4218E75920006A6611 /* UIKit.framework */; };
		4D14DB6018E75920006A6611 /* CoreData.framework in Frameworks */ = {isa = PBXBuildFile; fileRef = 4D14DB4418E75920006A6611 /* CoreData.framework */; };
		4D14DB6818E75920006A6611 /* InfoPlist.strings in Resources */ = {isa = PBXBuildFile; fileRef = 4D14DB6618E75920006A6611 /* InfoPlist.strings */; };
		4D14DB6A18E75920006A6611 /* BlackjAckTests.m in Sources */ = {isa = PBXBuildFile; fileRef = 4D14DB6918E75920006A6611 /* BlackjAckTests.m */; };
/* End PBXBuildFile section */

/* Begin PBXContainerItemProxy section */
		4D14DB6118E75920006A6611 /* PBXContainerItemProxy */ = {
			isa = PBXContainerItemProxy;
			containerPortal = 4D14DB3318E75920006A6611 /* Project object */;
			proxyType = 1;
			remoteGlobalIDString = 4D14DB3A18E75920006A6611;
			remoteInfo = BlackjAck;
		};
/* End PBXContainerItemProxy section */

/* Begin PBXFileReference section */
		4D14DB3B18E75920006A6611 /* BlackjAck.app */ = {isa = PBXFileReference; explicitFileType = wrapper.application; includeInIndex = 0; path = BlackjAck.app; sourceTree = BUILT_PRODUCTS_DIR; };
		4D14DB3E18E75920006A6611 /* Foundation.framework */ = {isa = PBXFileReference; lastKnownFileType = wrapper.framework; name = Foundation.framework; path = System/Library/Frameworks/Foundation.framework; sourceTree = SDKROOT; };
		4D14DB4018E75920006A6611 /* CoreGraphics.framework */ = {isa = PBXFileReference; lastKnownFileType = wrapper.framework; name = CoreGraphics.framework; path = System/Library/Frameworks/CoreGraphics.framework; sourceTree = SDKROOT; };
		4D14DB4218E75920006A6611 /* UIKit.framework */ = {isa = PBXFileReference; lastKnownFileType = wrapper.framework; name = UIKit.framework; path = System/Library/Frameworks/UIKit.framework; sourceTree = SDKROOT; };
		4D14DB4418E75920006A6611 /* CoreData.framework */ = {isa = PBXFileReference; lastKnownFileType = wrapper.framework; name = CoreData.framework; path = System/Library/Frameworks/CoreData.framework; sourceTree = SDKROOT; };
		4D14DB4818E75920006A6611 /* BlackjAck-Info.plist */ = {isa = PBXFileReference; lastKnownFileType = text.plist.xml; path = "BlackjAck-Info.plist"; sourceTree = "<group>"; };
		4D14DB4A18E75920006A6611 /* en */ = {isa = PBXFileReference; lastKnownFileType = text.plist.strings; name = en; path = en.lproj/InfoPlist.strings; sourceTree = "<group>"; };
		4D14DB4C18E75920006A6611 /* main.m */ = {isa = PBXFileReference; lastKnownFileType = sourcecode.c.objc; path = main.m; sourceTree = "<group>"; };
		4D14DB4E18E75920006A6611 /* BlackjAck-Prefix.pch */ = {isa = PBXFileReference; lastKnownFileType = sourcecode.c.h; path = "BlackjAck-Prefix.pch"; sourceTree = "<group>"; };
		4D14DB4F18E75920006A6611 /* KMAppDelegate.h */ = {isa = PBXFileReference; lastKnownFileType = sourcecode.c.h; path = KMAppDelegate.h; sourceTree = "<group>"; };
		4D14DB5018E75920006A6611 /* KMAppDelegate.m */ = {isa = PBXFileReference; lastKnownFileType = sourcecode.c.objc; path = KMAppDelegate.m; sourceTree = "<group>"; };
		4D14DB5318E75920006A6611 /* BlackjAck.xcdatamodel */ = {isa = PBXFileReference; lastKnownFileType = wrapper.xcdatamodel; path = BlackjAck.xcdatamodel; sourceTree = "<group>"; };
		4D14DB5518E75920006A6611 /* Images.xcassets */ = {isa = PBXFileReference; lastKnownFileType = folder.assetcatalog; path = Images.xcassets; sourceTree = "<group>"; };
		4D14DB5B18E75920006A6611 /* BlackjAckTests.xctest */ = {isa = PBXFileReference; explicitFileType = wrapper.cfbundle; includeInIndex = 0; path = BlackjAckTests.xctest; sourceTree = BUILT_PRODUCTS_DIR; };
		4D14DB5C18E75920006A6611 /* XCTest.framework */ = {isa = PBXFileReference; lastKnownFileType = wrapper.framework; name = XCTest.framework; path = Library/Frameworks/XCTest.framework; sourceTree = DEVELOPER_DIR; };
		4D14DB6518E75920006A6611 /* BlackjAckTests-Info.plist */ = {isa = PBXFileReference; lastKnownFileType = text.plist.xml; path = "BlackjAckTests-Info.plist"; sourceTree = "<group>"; };
		4D14DB6718E75920006A6611 /* en */ = {isa = PBXFileReference; lastKnownFileType = text.plist.strings; name = en; path = en.lproj/InfoPlist.strings; sourceTree = "<group>"; };
		4D14DB6918E75920006A6611 /* BlackjAckTests.m */ = {isa = PBXFileReference; lastKnownFileType = sourcecode.c.objc; path = BlackjAckTests.m; sourceTree = "<group>"; };
/* End PBXFileReference section */

/* Begin PBXFrameworksBuildPhase section */
		4D14DB3818E75920006A6611 /* Frameworks */ = {
			isa = PBXFrameworksBuildPhase;
			buildActionMask = 2147483647;
			files = (
				4D14DB4118E75920006A6611 /* CoreGraphics.framework in Frameworks */,
				4D14DB4518E75920006A6611 /* CoreData.framework in Frameworks */,
				4D14DB4318E75920006A6611 /* UIKit.framework in Frameworks */,
				4D14DB3F18E75920006A6611 /* Foundation.framework in Frameworks */,
			);
			runOnlyForDeploymentPostprocessing = 0;
		};
		4D14DB5818E75920006A6611 /* Frameworks */ = {
			isa = PBXFrameworksBuildPhase;
			buildActionMask = 2147483647;
			files = (
				4D14DB5D18E75920006A6611 /* XCTest.framework in Frameworks */,
				4D14DB6018E75920006A6611 /* CoreData.framework in Frameworks */,
				4D14DB5F18E75920006A6611 /* UIKit.framework in Frameworks */,
				4D14DB5E18E75920006A6611 /* Foundation.framework in Frameworks */,
			);
			runOnlyForDeploymentPostprocessing = 0;
		};
/* End PBXFrameworksBuildPhase section */

/* Begin PBXGroup section */
		4D14DB3218E75920006A6611 = {
			isa = PBXGroup;
			children = (
				4D14DB4618E75920006A6611 /* BlackjAck */,
				4D14DB6318E75920006A6611 /* BlackjAckTests */,
				4D14DB3D18E75920006A6611 /* Frameworks */,
				4D14DB3C18E75920006A6611 /* Products */,
			);
			sourceTree = "<group>";
		};
		4D14DB3C18E75920006A6611 /* Products */ = {
			isa = PBXGroup;
			children = (
				4D14DB3B18E75920006A6611 /* BlackjAck.app */,
				4D14DB5B18E75920006A6611 /* BlackjAckTests.xctest */,
			);
			name = Products;
			sourceTree = "<group>";
		};
		4D14DB3D18E75920006A6611 /* Frameworks */ = {
			isa = PBXGroup;
			children = (
				4D14DB3E18E75920006A6611 /* Foundation.framework */,
				4D14DB4018E75920006A6611 /* CoreGraphics.framework */,
				4D14DB4218E75920006A6611 /* UIKit.framework */,
				4D14DB4418E75920006A6611 /* CoreData.framework */,
				4D14DB5C18E75920006A6611 /* XCTest.framework */,
			);
			name = Frameworks;
			sourceTree = "<group>";
		};
		4D14DB4618E75920006A6611 /* BlackjAck */ = {
			isa = PBXGroup;
			children = (
				4D14DB4F18E75920006A6611 /* KMAppDelegate.h */,
				4D14DB5018E75920006A6611 /* KMAppDelegate.m */,
				4D14DB5518E75920006A6611 /* Images.xcassets */,
				4D14DB5218E75920006A6611 /* BlackjAck.xcdatamodeld */,
				4D14DB4718E75920006A6611 /* Supporting Files */,
			);
			path = BlackjAck;
			sourceTree = "<group>";
		};
		4D14DB4718E75920006A6611 /* Supporting Files */ = {
			isa = PBXGroup;
			children = (
				4D14DB4818E75920006A6611 /* BlackjAck-Info.plist */,
				4D14DB4918E75920006A6611 /* InfoPlist.strings */,
				4D14DB4C18E75920006A6611 /* main.m */,
				4D14DB4E18E75920006A6611 /* BlackjAck-Prefix.pch */,
			);
			name = "Supporting Files";
			sourceTree = "<group>";
		};
		4D14DB6318E75920006A6611 /* BlackjAckTests */ = {
			isa = PBXGroup;
			children = (
				4D14DB6918E75920006A6611 /* BlackjAckTests.m */,
				4D14DB6418E75920006A6611 /* Supporting Files */,
			);
			path = BlackjAckTests;
			sourceTree = "<group>";
		};
		4D14DB6418E75920006A6611 /* Supporting Files */ = {
			isa = PBXGroup;
			children = (
				4D14DB6518E75920006A6611 /* BlackjAckTests-Info.plist */,
				4D14DB6618E75920006A6611 /* InfoPlist.strings */,
			);
			name = "Supporting Files";
			sourceTree = "<group>";
		};
/* End PBXGroup section */

/* Begin PBXNativeTarget section */
		4D14DB3A18E75920006A6611 /* BlackjAck */ = {
			isa = PBXNativeTarget;
			buildConfigurationList = 4D14DB6D18E75920006A6611 /* Build configuration list for PBXNativeTarget "BlackjAck" */;
			buildPhases = (
				4D14DB3718E75920006A6611 /* Sources */,
				4D14DB3818E75920006A6611 /* Frameworks */,
				4D14DB3918E75920006A6611 /* Resources */,
			);
			buildRules = (
			);
			dependencies = (
			);
			name = BlackjAck;
			productName = BlackjAck;
			productReference = 4D14DB3B18E75920006A6611 /* BlackjAck.app */;
			productType = "com.apple.product-type.application";
		};
		4D14DB5A18E75920006A6611 /* BlackjAckTests */ = {
			isa = PBXNativeTarget;
			buildConfigurationList = 4D14DB7018E75920006A6611 /* Build configuration list for PBXNativeTarget "BlackjAckTests" */;
			buildPhases = (
				4D14DB5718E75920006A6611 /* Sources */,
				4D14DB5818E75920006A6611 /* Frameworks */,
				4D14DB5918E75920006A6611 /* Resources */,
			);
			buildRules = (
			);
			dependencies = (
				4D14DB6218E75920006A6611 /* PBXTargetDependency */,
			);
			name = BlackjAckTests;
			productName = BlackjAckTests;
			productReference = 4D14DB5B18E75920006A6611 /* BlackjAckTests.xctest */;
			productType = "com.apple.product-type.bundle.unit-test";
		};
/* End PBXNativeTarget section */

/* Begin PBXProject section */
		4D14DB3318E75920006A6611 /* Project object */ = {
			isa = PBXProject;
			attributes = {
				CLASSPREFIX = KM;
				LastUpgradeCheck = 0510;
				ORGANIZATIONNAME = "MOUNDANGUI Kévin";
				TargetAttributes = {
					4D14DB5A18E75920006A6611 = {
						TestTargetID = 4D14DB3A18E75920006A6611;
					};
				};
			};
			buildConfigurationList = 4D14DB3618E75920006A6611 /* Build configuration list for PBXProject "BlackjAck" */;
			compatibilityVersion = "Xcode 3.2";
			developmentRegion = English;
			hasScannedForEncodings = 0;
			knownRegions = (
				en,
			);
			mainGroup = 4D14DB3218E75920006A6611;
			productRefGroup = 4D14DB3C18E75920006A6611 /* Products */;
			projectDirPath = "";
			projectRoot = "";
			targets = (
				4D14DB3A18E75920006A6611 /* BlackjAck */,
				4D14DB5A18E75920006A6611 /* BlackjAckTests */,
			);
		};
/* End PBXProject section */

/* Begin PBXResourcesBuildPhase section */
		4D14DB3918E75920006A6611 /* Resources */ = {
			isa = PBXResourcesBuildPhase;
			buildActionMask = 2147483647;
			files = (
				4D14DB4B18E75920006A6611 /* InfoPlist.strings in Resources */,
				4D14DB5618E75920006A6611 /* Images.xcassets in Resources */,
			);
			runOnlyForDeploymentPostprocessing = 0;
		};
		4D14DB5918E75920006A6611 /* Resources */ = {
			isa = PBXResourcesBuildPhase;
			buildActionMask = 2147483647;
			files = (
				4D14DB6818E75920006A6611 /* InfoPlist.strings in Resources */,
			);
			runOnlyForDeploymentPostprocessing = 0;
		};
/* End PBXResourcesBuildPhase section */

/* Begin PBXSourcesBuildPhase section */
		4D14DB3718E75920006A6611 /* Sources */ = {
			isa = PBXSourcesBuildPhase;
			buildActionMask = 2147483647;
			files = (
				4D14DB5118E75920006A6611 /* KMAppDelegate.m in Sources */,
				4D14DB4D18E75920006A6611 /* main.m in Sources */,
				4D14DB5418E75920006A6611 /* BlackjAck.xcdatamodeld in Sources */,
			);
			runOnlyForDeploymentPostprocessing = 0;
		};
		4D14DB5718E75920006A6611 /* Sources */ = {
			isa = PBXSourcesBuildPhase;
			buildActionMask = 2147483647;
			files = (
				4D14DB6A18E75920006A6611 /* BlackjAckTests.m in Sources */,
			);
			runOnlyForDeploymentPostprocessing = 0;
		};
/* End PBXSourcesBuildPhase section */

/* Begin PBXTargetDependency section */
		4D14DB6218E75920006A6611 /* PBXTargetDependency */ = {
			isa = PBXTargetDependency;
			target = 4D14DB3A18E75920006A6611 /* BlackjAck */;
			targetProxy = 4D14DB6118E75920006A6611 /* PBXContainerItemProxy */;
		};
/* End PBXTargetDependency section */

/* Begin PBXVariantGroup section */
		4D14DB4918E75920006A6611 /* InfoPlist.strings */ = {
			isa = PBXVariantGroup;
			children = (
				4D14DB4A18E75920006A6611 /* en */,
			);
			name = InfoPlist.strings;
			sourceTree = "<group>";
		};
		4D14DB6618E75920006A6611 /* InfoPlist.strings */ = {
			isa = PBXVariantGroup;
			children = (
				4D14DB6718E75920006A6611 /* en */,
			);
			name = InfoPlist.strings;
			sourceTree = "<group>";
		};
/* End PBXVariantGroup section */

/* Begin XCBuildConfiguration section */
		4D14DB6B18E75920006A6611 /* Debug */ = {
			isa = XCBuildConfiguration;
			buildSettings = {
				ALWAYS_SEARCH_USER_PATHS = NO;
				CLANG_CXX_LANGUAGE_STANDARD = "gnu++0x";
				CLANG_CXX_LIBRARY = "libc++";
				CLANG_ENABLE_MODULES = YES;
				CLANG_ENABLE_OBJC_ARC = YES;
				CLANG_WARN_BOOL_CONVERSION = YES;
				CLANG_WARN_CONSTANT_CONVERSION = YES;
				CLANG_WARN_DIRECT_OBJC_ISA_USAGE = YES_ERROR;
				CLANG_WARN_EMPTY_BODY = YES;
				CLANG_WARN_ENUM_CONVERSION = YES;
				CLANG_WARN_INT_CONVERSION = YES;
				CLANG_WARN_OBJC_ROOT_CLASS = YES_ERROR;
				CLANG_WARN__DUPLICATE_METHOD_MATCH = YES;
				"CODE_SIGN_IDENTITY[sdk=iphoneos*]" = "iPhone Developer";
				COPY_PHASE_STRIP = NO;
				GCC_C_LANGUAGE_STANDARD = gnu99;
				GCC_DYNAMIC_NO_PIC = NO;
				GCC_OPTIMIZATION_LEVEL = 0;
				GCC_PREPROCESSOR_DEFINITIONS = (
					"DEBUG=1",
					"$(inherited)",
				);
				GCC_SYMBOLS_PRIVATE_EXTERN = NO;
				GCC_WARN_64_TO_32_BIT_CONVERSION = YES;
				GCC_WARN_ABOUT_RETURN_TYPE = YES_ERROR;
				GCC_WARN_UNDECLARED_SELECTOR = YES;
				GCC_WARN_UNINITIALIZED_AUTOS = YES_AGGRESSIVE;
				GCC_WARN_UNUSED_FUNCTION = YES;
				GCC_WARN_UNUSED_VARIABLE = YES;
				IPHONEOS_DEPLOYMENT_TARGET = 7.1;
				ONLY_ACTIVE_ARCH = YES;
				SDKROOT = iphoneos;
				TARGETED_DEVICE_FAMILY = "1,2";
			};
			name = Debug;
		};
		4D14DB6C18E75920006A6611 /* Release */ = {
			isa = XCBuildConfiguration;
			buildSettings = {
				ALWAYS_SEARCH_USER_PATHS = NO;
				CLANG_CXX_LANGUAGE_STANDARD = "gnu++0x";
				CLANG_CXX_LIBRARY = "libc++";
				CLANG_ENABLE_MODULES = YES;
				CLANG_ENABLE_OBJC_ARC = YES;
				CLANG_WARN_BOOL_CONVERSION = YES;
				CLANG_WARN_CONSTANT_CONVERSION = YES;
				CLANG_WARN_DIRECT_OBJC_ISA_USAGE = YES_ERROR;
				CLANG_WARN_EMPTY_BODY = YES;
				CLANG_WARN_ENUM_CONVERSION = YES;
				CLANG_WARN_INT_CONVERSION = YES;
				CLANG_WARN_OBJC_ROOT_CLASS = YES_ERROR;
				CLANG_WARN__DUPLICATE_METHOD_MATCH = YES;
				"CODE_SIGN_IDENTITY[sdk=iphoneos*]" = "iPhone Developer";
				COPY_PHASE_STRIP = YES;
				ENABLE_NS_ASSERTIONS = NO;
				GCC_C_LANGUAGE_STANDARD = gnu99;
				GCC_WARN_64_TO_32_BIT_CONVERSION = YES;
				GCC_WARN_ABOUT_RETURN_TYPE = YES_ERROR;
				GCC_WARN_UNDECLARED_SELECTOR = YES;
				GCC_WARN_UNINITIALIZED_AUTOS = YES_AGGRESSIVE;
				GCC_WARN_UNUSED_FUNCTION = YES;
				GCC_WARN_UNUSED_VARIABLE = YES;
				IPHONEOS_DEPLOYMENT_TARGET = 7.1;
				SDKROOT = iphoneos;
				TARGETED_DEVICE_FAMILY = "1,2";
				VALIDATE_PRODUCT = YES;
			};
			name = Release;
		};
		4D14DB6E18E75920006A6611 /* Debug */ = {
			isa = XCBuildConfiguration;
			buildSettings = {
				ASSETCATALOG_COMPILER_APPICON_NAME = AppIcon;
				ASSETCATALOG_COMPILER_LAUNCHIMAGE_NAME = LaunchImage;
				GCC_PRECOMPILE_PREFIX_HEADER = YES;
				GCC_PREFIX_HEADER = "BlackjAck/BlackjAck-Prefix.pch";
				INFOPLIST_FILE = "BlackjAck/BlackjAck-Info.plist";
				PRODUCT_NAME = "$(TARGET_NAME)";
				WRAPPER_EXTENSION = app;
			};
			name = Debug;
		};
		4D14DB6F18E75920006A6611 /* Release */ = {
			isa = XCBuildConfiguration;
			buildSettings = {
				ASSETCATALOG_COMPILER_APPICON_NAME = AppIcon;
				ASSETCATALOG_COMPILER_LAUNCHIMAGE_NAME = LaunchImage;
				GCC_PRECOMPILE_PREFIX_HEADER = YES;
				GCC_PREFIX_HEADER = "BlackjAck/BlackjAck-Prefix.pch";
				INFOPLIST_FILE = "BlackjAck/BlackjAck-Info.plist";
				PRODUCT_NAME = "$(TARGET_NAME)";
				WRAPPER_EXTENSION = app;
			};
			name = Release;
		};
		4D14DB7118E75920006A6611 /* Debug */ = {
			isa = XCBuildConfiguration;
			buildSettings = {
				BUNDLE_LOADER = "$(BUILT_PRODUCTS_DIR)/BlackjAck.app/BlackjAck";
				FRAMEWORK_SEARCH_PATHS = (
					"$(SDKROOT)/Developer/Library/Frameworks",
					"$(inherited)",
					"$(DEVELOPER_FRAMEWORKS_DIR)",
				);
				GCC_PRECOMPILE_PREFIX_HEADER = YES;
				GCC_PREFIX_HEADER = "BlackjAck/BlackjAck-Prefix.pch";
				GCC_PREPROCESSOR_DEFINITIONS = (
					"DEBUG=1",
					"$(inherited)",
				);
				INFOPLIST_FILE = "BlackjAckTests/BlackjAckTests-Info.plist";
				PRODUCT_NAME = "$(TARGET_NAME)";
				TEST_HOST = "$(BUNDLE_LOADER)";
				WRAPPER_EXTENSION = xctest;
			};
			name = Debug;
		};
		4D14DB7218E75920006A6611 /* Release */ = {
			isa = XCBuildConfiguration;
			buildSettings = {
				BUNDLE_LOADER = "$(BUILT_PRODUCTS_DIR)/BlackjAck.app/BlackjAck";
				FRAMEWORK_SEARCH_PATHS = (
					"$(SDKROOT)/Developer/Library/Frameworks",
					"$(inherited)",
					"$(DEVELOPER_FRAMEWORKS_DIR)",
				);
				GCC_PRECOMPILE_PREFIX_HEADER = YES;
				GCC_PREFIX_HEADER = "BlackjAck/BlackjAck-Prefix.pch";
				INFOPLIST_FILE = "BlackjAckTests/BlackjAckTests-Info.plist";
				PRODUCT_NAME = "$(TARGET_NAME)";
				TEST_HOST = "$(BUNDLE_LOADER)";
				WRAPPER_EXTENSION = xctest;
			};
			name = Release;
		};
/* End XCBuildConfiguration section */

/* Begin XCConfigurationList section */
		4D14DB3618E75920006A6611 /* Build configuration list for PBXProject "BlackjAck" */ = {
			isa = XCConfigurationList;
			buildConfigurations = (
				4D14DB6B18E75920006A6611 /* Debug */,
				4D14DB6C18E75920006A6611 /* Release */,
			);
			defaultConfigurationIsVisible = 0;
			defaultConfigurationName = Release;
		};
		4D14DB6D18E75920006A6611 /* Build configuration list for PBXNativeTarget "BlackjAck" */ = {
			isa = XCConfigurationList;
			buildConfigurations = (
				4D14DB6E18E75920006A6611 /* Debug */,
				4D14DB6F18E75920006A6611 /* Release */,
			);
			defaultConfigurationIsVisible = 0;
		};
		4D14DB7018E75920006A6611 /* Build configuration list for PBXNativeTarget "BlackjAckTests" */ = {
			isa = XCConfigurationList;
			buildConfigurations = (
				4D14DB7118E75920006A6611 /* Debug */,
				4D14DB7218E75920006A6611 /* Release */,
			);
			defaultConfigurationIsVisible = 0;
		};
/* End XCConfigurationList section */

/* Begin XCVersionGroup section */
		4D14DB5218E75920006A6611 /* BlackjAck.xcdatamodeld */ = {
			isa = XCVersionGroup;
			children = (
				4D14DB5318E75920006A6611 /* BlackjAck.xcdatamodel */,
			);
			currentVersion = 4D14DB5318E75920006A6611 /* BlackjAck.xcdatamodel */;
			path = BlackjAck.xcdatamodeld;
			sourceTree = "<group>";
			versionGroupType = wrapper.xcdatamodel;
		};
/* End XCVersionGroup section */
	};
	rootObject = 4D14DB3318E75920006A6611 /* Project object */;
}
